
Microsoft Visual Studio Solution File, Format Version 11.00
# Visual Studio 2010
Project("{8BC9CEB8-8B4A-11D0-8D11-00A0C91BC942}") = "HySpellEncoder", "HySpellEncoder\HySpellEncoder.vcxproj", "{CAFBEB52-E97A-463F-905E-782FFCA12861}"
EndProject
Global
	GlobalSection(SolutionConfigurationPlatforms) = preSolution
		All|Any CPU = All|Any CPU
		All|Mixed Platforms = All|Mixed Platforms
		All|Win32 = All|Win32
		All|x64 = All|x64
		Debug|Any CPU = Debug|Any CPU
		Debug|Mixed Platforms = Debug|Mixed Platforms
		Debug|Win32 = Debug|Win32
		Debug|x64 = Debug|x64
		Release|Any CPU = Release|Any CPU
		Release|Mixed Platforms = Release|Mixed Platforms
		Release|Win32 = Release|Win32
		Release|x64 = Release|x64
	EndGlobalSection
	GlobalSection(ProjectConfigurationPlatforms) = postSolution
		{CAFBEB52-E97A-463F-905E-782FFCA12861}.All|Any CPU.ActiveCfg = All|x64
		{CAFBEB52-E97A-463F-905E-782FFCA12861}.All|Mixed Platforms.ActiveCfg = All|x64
		{CAFBEB52-E97A-463F-905E-782FFCA12861}.All|Mixed Platforms.Build.0 = All|x64
		{CAFBEB52-E97A-463F-905E-782FFCA12861}.All|Win32.ActiveCfg = All|Win32
		{CAFBEB52-E97A-463F-905E-782FFCA12861}.All|Win32.Build.0 = All|Win32
		{CAFBEB52-E97A-463F-905E-782FFCA12861}.All|x64.ActiveCfg = All|x64
		{CAFBEB52-E97A-463F-905E-782FFCA12861}.All|x64.Build.0 = All|x64
		{CAFBEB52-E97A-463F-905E-782FFCA12861}.Debug|Any CPU.ActiveCfg = Debug|x64
		{CAFBEB52-E97A-463F-905E-782FFCA12861}.Debug|Any CPU.Build.0 = Debug|x64
		{CAFBEB52-E97A-463F-905E-782FFCA12861}.Debug|Mixed Platforms.ActiveCfg = Debug|Win32
		{CAFBEB52-E97A-463F-905E-782FFCA12861}.Debug|Mixed Platforms.Build.0 = Debug|Win32
		{CAFBEB52-E97A-463F-905E-782FFCA12861}.Debug|Win32.ActiveCfg = Debug|Win32
		{CAFBEB52-E97A-463F-905E-782FFCA12861}.Debug|Win32.Build.0 = Debug|Win32
		{CAFBEB52-E97A-463F-905E-782FFCA12861}.Debug|x64.ActiveCfg = Debug|x64
		{CAFBEB52-E97A-463F-905E-782FFCA12861}.Debug|x64.Build.0 = Debug|x64
		{CAFBEB52-E97A-463F-905E-782FFCA12861}.Release|Any CPU.ActiveCfg = Release|x64
		{CAFBEB52-E97A-463F-905E-782FFCA12861}.Release|Any CPU.Build.0 = Release|x64
		{CAFBEB52-E97A-463F-905E-782FFCA12861}.Release|Mixed Platforms.ActiveCfg = Release|Win32
		{CAFBEB52-E97A-463F-905E-782FFCA12861}.Release|Mixed Platforms.Build.0 = Release|Win32
		{CAFBEB52-E97A-463F-905E-782FFCA12861}.Release|Win32.ActiveCfg = Release|Win32
		{CAFBEB52-E97A-463F-905E-782FFCA12861}.Release|Win32.Build.0 = Release|Win32
		{CAFBEB52-E97A-463F-905E-782FFCA12861}.Release|x64.ActiveCfg = Release|x64
		{CAFBEB52-E97A-463F-905E-782FFCA12861}.Release|x64.Build.0 = Release|x64
	EndGlobalSection
	GlobalSection(SolutionProperties) = preSolution
		HideSolutionNode = FALSE
	EndGlobalSection
EndGlobal
